// !$*UTF8*$!
{
	archiveVersion = 1;
	classes = {
	};
	objectVersion = 55;
	objects = {

/* Begin PBXBuildFile section */
		37652BEC28D8E1A000BCC72A /* NotesSwiftUIApp.swift in Sources */ = {isa = PBXBuildFile; fileRef = 37652BEB28D8E1A000BCC72A /* NotesSwiftUIApp.swift */; };
		37652BEE28D8E1A000BCC72A /* ContentView.swift in Sources */ = {isa = PBXBuildFile; fileRef = 37652BED28D8E1A000BCC72A /* ContentView.swift */; };
		37652BF028D8E1A200BCC72A /* Assets.xcassets in Resources */ = {isa = PBXBuildFile; fileRef = 37652BEF28D8E1A200BCC72A /* Assets.xcassets */; };
		37652BF328D8E1A200BCC72A /* Preview Assets.xcassets in Resources */ = {isa = PBXBuildFile; fileRef = 37652BF228D8E1A200BCC72A /* Preview Assets.xcassets */; };
		37652BFD28D8E1A300BCC72A /* NotesSwiftUITests.swift in Sources */ = {isa = PBXBuildFile; fileRef = 37652BFC28D8E1A300BCC72A /* NotesSwiftUITests.swift */; };
		37652C0728D8E1A300BCC72A /* NotesSwiftUIUITests.swift in Sources */ = {isa = PBXBuildFile; fileRef = 37652C0628D8E1A300BCC72A /* NotesSwiftUIUITests.swift */; };
		37652C0928D8E1A300BCC72A /* NotesSwiftUIUITestsLaunchTests.swift in Sources */ = {isa = PBXBuildFile; fileRef = 37652C0828D8E1A300BCC72A /* NotesSwiftUIUITestsLaunchTests.swift */; };
		37652C1628D8E31100BCC72A /* MyNotes.swift in Sources */ = {isa = PBXBuildFile; fileRef = 37652C1528D8E31100BCC72A /* MyNotes.swift */; };
		37652C1828D9C3C100BCC72A /* FolderView.swift in Sources */ = {isa = PBXBuildFile; fileRef = 37652C1728D9C3C100BCC72A /* FolderView.swift */; };
		37652C1A28D9C6B600BCC72A /* NoteView.swift in Sources */ = {isa = PBXBuildFile; fileRef = 37652C1928D9C6B600BCC72A /* NoteView.swift */; };
/* End PBXBuildFile section */

/* Begin PBXContainerItemProxy section */
		37652BF928D8E1A300BCC72A /* PBXContainerItemProxy */ = {
			isa = PBXContainerItemProxy;
			containerPortal = 37652BE028D8E1A000BCC72A /* Project object */;
			proxyType = 1;
			remoteGlobalIDString = 37652BE728D8E1A000BCC72A;
			remoteInfo = NotesSwiftUI;
		};
		37652C0328D8E1A300BCC72A /* PBXContainerItemProxy */ = {
			isa = PBXContainerItemProxy;
			containerPortal = 37652BE028D8E1A000BCC72A /* Project object */;
			proxyType = 1;
			remoteGlobalIDString = 37652BE728D8E1A000BCC72A;
			remoteInfo = NotesSwiftUI;
		};
/* End PBXContainerItemProxy section */

/* Begin PBXFileReference section */
		37652BE828D8E1A000BCC72A /* NotesSwiftUI.app */ = {isa = PBXFileReference; explicitFileType = wrapper.application; includeInIndex = 0; path = NotesSwiftUI.app; sourceTree = BUILT_PRODUCTS_DIR; };
		37652BEB28D8E1A000BCC72A /* NotesSwiftUIApp.swift */ = {isa = PBXFileReference; lastKnownFileType = sourcecode.swift; path = NotesSwiftUIApp.swift; sourceTree = "<group>"; };
		37652BED28D8E1A000BCC72A /* ContentView.swift */ = {isa = PBXFileReference; lastKnownFileType = sourcecode.swift; path = ContentView.swift; sourceTree = "<group>"; };
		37652BEF28D8E1A200BCC72A /* Assets.xcassets */ = {isa = PBXFileReference; lastKnownFileType = folder.assetcatalog; path = Assets.xcassets; sourceTree = "<group>"; };
		37652BF228D8E1A200BCC72A /* Preview Assets.xcassets */ = {isa = PBXFileReference; lastKnownFileType = folder.assetcatalog; path = "Preview Assets.xcassets"; sourceTree = "<group>"; };
		37652BF828D8E1A300BCC72A /* NotesSwiftUITests.xctest */ = {isa = PBXFileReference; explicitFileType = wrapper.cfbundle; includeInIndex = 0; path = NotesSwiftUITests.xctest; sourceTree = BUILT_PRODUCTS_DIR; };
		37652BFC28D8E1A300BCC72A /* NotesSwiftUITests.swift */ = {isa = PBXFileReference; lastKnownFileType = sourcecode.swift; path = NotesSwiftUITests.swift; sourceTree = "<group>"; };
		37652C0228D8E1A300BCC72A /* NotesSwiftUIUITests.xctest */ = {isa = PBXFileReference; explicitFileType = wrapper.cfbundle; includeInIndex = 0; path = NotesSwiftUIUITests.xctest; sourceTree = BUILT_PRODUCTS_DIR; };
		37652C0628D8E1A300BCC72A /* NotesSwiftUIUITests.swift */ = {isa = PBXFileReference; lastKnownFileType = sourcecode.swift; path = NotesSwiftUIUITests.swift; sourceTree = "<group>"; };
		37652C0828D8E1A300BCC72A /* NotesSwiftUIUITestsLaunchTests.swift */ = {isa = PBXFileReference; lastKnownFileType = sourcecode.swift; path = NotesSwiftUIUITestsLaunchTests.swift; sourceTree = "<group>"; };
		37652C1528D8E31100BCC72A /* MyNotes.swift */ = {isa = PBXFileReference; lastKnownFileType = sourcecode.swift; path = MyNotes.swift; sourceTree = "<group>"; };
		37652C1728D9C3C100BCC72A /* FolderView.swift */ = {isa = PBXFileReference; lastKnownFileType = sourcecode.swift; path = FolderView.swift; sourceTree = "<group>"; };
		37652C1928D9C6B600BCC72A /* NoteView.swift */ = {isa = PBXFileReference; lastKnownFileType = sourcecode.swift; path = NoteView.swift; sourceTree = "<group>"; };
/* End PBXFileReference section */

/* Begin PBXFrameworksBuildPhase section */
		37652BE528D8E1A000BCC72A /* Frameworks */ = {
			isa = PBXFrameworksBuildPhase;
			buildActionMask = 2147483647;
			files = (
			);
			runOnlyForDeploymentPostprocessing = 0;
		};
		37652BF528D8E1A300BCC72A /* Frameworks */ = {
			isa = PBXFrameworksBuildPhase;
			buildActionMask = 2147483647;
			files = (
			);
			runOnlyForDeploymentPostprocessing = 0;
		};
		37652BFF28D8E1A300BCC72A /* Frameworks */ = {
			isa = PBXFrameworksBuildPhase;
			buildActionMask = 2147483647;
			files = (
			);
			runOnlyForDeploymentPostprocessing = 0;
		};
/* End PBXFrameworksBuildPhase section */

/* Begin PBXGroup section */
		37652BDF28D8E1A000BCC72A = {
			isa = PBXGroup;
			children = (
				37652BEA28D8E1A000BCC72A /* NotesSwiftUI */,
				37652BFB28D8E1A300BCC72A /* NotesSwiftUITests */,
				37652C0528D8E1A300BCC72A /* NotesSwiftUIUITests */,
				37652BE928D8E1A000BCC72A /* Products */,
			);
			sourceTree = "<group>";
		};
		37652BE928D8E1A000BCC72A /* Products */ = {
			isa = PBXGroup;
			children = (
				37652BE828D8E1A000BCC72A /* NotesSwiftUI.app */,
				37652BF828D8E1A300BCC72A /* NotesSwiftUITests.xctest */,
				37652C0228D8E1A300BCC72A /* NotesSwiftUIUITests.xctest */,
			);
			name = Products;
			sourceTree = "<group>";
		};
		37652BEA28D8E1A000BCC72A /* NotesSwiftUI */ = {
			isa = PBXGroup;
			children = (
				37652C1928D9C6B600BCC72A /* NoteView.swift */,
				37652C1728D9C3C100BCC72A /* FolderView.swift */,
				37652BEB28D8E1A000BCC72A /* NotesSwiftUIApp.swift */,
				37652C1528D8E31100BCC72A /* MyNotes.swift */,
				37652BED28D8E1A000BCC72A /* ContentView.swift */,
				37652BEF28D8E1A200BCC72A /* Assets.xcassets */,
				37652BF128D8E1A200BCC72A /* Preview Content */,
			);
			path = NotesSwiftUI;
			sourceTree = "<group>";
		};
		37652BF128D8E1A200BCC72A /* Preview Content */ = {
			isa = PBXGroup;
			children = (
				37652BF228D8E1A200BCC72A /* Preview Assets.xcassets */,
			);
			path = "Preview Content";
			sourceTree = "<group>";
		};
		37652BFB28D8E1A300BCC72A /* NotesSwiftUITests */ = {
			isa = PBXGroup;
			children = (
				37652BFC28D8E1A300BCC72A /* NotesSwiftUITests.swift */,
			);
			path = NotesSwiftUITests;
			sourceTree = "<group>";
		};
		37652C0528D8E1A300BCC72A /* NotesSwiftUIUITests */ = {
			isa = PBXGroup;
			children = (
				37652C0628D8E1A300BCC72A /* NotesSwiftUIUITests.swift */,
				37652C0828D8E1A300BCC72A /* NotesSwiftUIUITestsLaunchTests.swift */,
			);
			path = NotesSwiftUIUITests;
			sourceTree = "<group>";
		};
/* End PBXGroup section */

/* Begin PBXNativeTarget section */
		37652BE728D8E1A000BCC72A /* NotesSwiftUI */ = {
			isa = PBXNativeTarget;
			buildConfigurationList = 37652C0C28D8E1A300BCC72A /* Build configuration list for PBXNativeTarget "NotesSwiftUI" */;
			buildPhases = (
				37652BE428D8E1A000BCC72A /* Sources */,
				37652BE528D8E1A000BCC72A /* Frameworks */,
				37652BE628D8E1A000BCC72A /* Resources */,
			);
			buildRules = (
			);
			dependencies = (
			);
			name = NotesSwiftUI;
			productName = NotesSwiftUI;
			productReference = 37652BE828D8E1A000BCC72A /* NotesSwiftUI.app */;
			productType = "com.apple.product-type.application";
		};
		37652BF728D8E1A300BCC72A /* NotesSwiftUITests */ = {
			isa = PBXNativeTarget;
			buildConfigurationList = 37652C0F28D8E1A300BCC72A /* Build configuration list for PBXNativeTarget "NotesSwiftUITests" */;
			buildPhases = (
				37652BF428D8E1A300BCC72A /* Sources */,
				37652BF528D8E1A300BCC72A /* Frameworks */,
				37652BF628D8E1A300BCC72A /* Resources */,
			);
			buildRules = (
			);
			dependencies = (
				37652BFA28D8E1A300BCC72A /* PBXTargetDependency */,
			);
			name = NotesSwiftUITests;
			productName = NotesSwiftUITests;
			productReference = 37652BF828D8E1A300BCC72A /* NotesSwiftUITests.xctest */;
			productType = "com.apple.product-type.bundle.unit-test";
		};
		37652C0128D8E1A300BCC72A /* NotesSwiftUIUITests */ = {
			isa = PBXNativeTarget;
			buildConfigurationList = 37652C1228D8E1A300BCC72A /* Build configuration list for PBXNativeTarget "NotesSwiftUIUITests" */;
			buildPhases = (
				37652BFE28D8E1A300BCC72A /* Sources */,
				37652BFF28D8E1A300BCC72A /* Frameworks */,
				37652C0028D8E1A300BCC72A /* Resources */,
			);
			buildRules = (
			);
			dependencies = (
				37652C0428D8E1A300BCC72A /* PBXTargetDependency */,
			);
			name = NotesSwiftUIUITests;
			productName = NotesSwiftUIUITests;
			productReference = 37652C0228D8E1A300BCC72A /* NotesSwiftUIUITests.xctest */;
			productType = "com.apple.product-type.bundle.ui-testing";
		};
/* End PBXNativeTarget section */

/* Begin PBXProject section */
		37652BE028D8E1A000BCC72A /* Project object */ = {
			isa = PBXProject;
			attributes = {
				BuildIndependentTargetsInParallel = 1;
				LastSwiftUpdateCheck = 1340;
				LastUpgradeCheck = 1340;
				TargetAttributes = {
					37652BE728D8E1A000BCC72A = {
						CreatedOnToolsVersion = 13.4.1;
					};
					37652BF728D8E1A300BCC72A = {
						CreatedOnToolsVersion = 13.4.1;
						TestTargetID = 37652BE728D8E1A000BCC72A;
					};
					37652C0128D8E1A300BCC72A = {
						CreatedOnToolsVersion = 13.4.1;
						TestTargetID = 37652BE728D8E1A000BCC72A;
					};
				};
			};
			buildConfigurationList = 37652BE328D8E1A000BCC72A /* Build configuration list for PBXProject "NotesSwiftUI" */;
			compatibilityVersion = "Xcode 13.0";
			developmentRegion = en;
			hasScannedForEncodings = 0;
			knownRegions = (
				en,
				Base,
			);
			mainGroup = 37652BDF28D8E1A000BCC72A;
			productRefGroup = 37652BE928D8E1A000BCC72A /* Products */;
			projectDirPath = "";
			projectRoot = "";
			targets = (
				37652BE728D8E1A000BCC72A /* NotesSwiftUI */,
				37652BF728D8E1A300BCC72A /* NotesSwiftUITests */,
				37652C0128D8E1A300BCC72A /* NotesSwiftUIUITests */,
			);
		};
/* End PBXProject section */

/* Begin PBXResourcesBuildPhase section */
		37652BE628D8E1A000BCC72A /* Resources */ = {
			isa = PBXResourcesBuildPhase;
			buildActionMask = 2147483647;
			files = (
				37652BF328D8E1A200BCC72A /* Preview Assets.xcassets in Resources */,
				37652BF028D8E1A200BCC72A /* Assets.xcassets in Resources */,
			);
			runOnlyForDeploymentPostprocessing = 0;
		};
		37652BF628D8E1A300BCC72A /* Resources */ = {
			isa = PBXResourcesBuildPhase;
			buildActionMask = 2147483647;
			files = (
			);
			runOnlyForDeploymentPostprocessing = 0;
		};
		37652C0028D8E1A300BCC72A /* Resources */ = {
			isa = PBXResourcesBuildPhase;
			buildActionMask = 2147483647;
			files = (
			);
			runOnlyForDeploymentPostprocessing = 0;
		};
/* End PBXResourcesBuildPhase section */

/* Begin PBXSourcesBuildPhase section */
		37652BE428D8E1A000BCC72A /* Sources */ = {
			isa = PBXSourcesBuildPhase;
			buildActionMask = 2147483647;
			files = (
				37652BEE28D8E1A000BCC72A /* ContentView.swift in Sources */,
				37652C1A28D9C6B600BCC72A /* NoteView.swift in Sources */,
				37652BEC28D8E1A000BCC72A /* NotesSwiftUIApp.swift in Sources */,
				37652C1828D9C3C100BCC72A /* FolderView.swift in Sources */,
				37652C1628D8E31100BCC72A /* MyNotes.swift in Sources */,
			);
			runOnlyForDeploymentPostprocessing = 0;
		};
		37652BF428D8E1A300BCC72A /* Sources */ = {
			isa = PBXSourcesBuildPhase;
			buildActionMask = 2147483647;
			files = (
				37652BFD28D8E1A300BCC72A /* NotesSwiftUITests.swift in Sources */,
			);
			runOnlyForDeploymentPostprocessing = 0;
		};
		37652BFE28D8E1A300BCC72A /* Sources */ = {
			isa = PBXSourcesBuildPhase;
			buildActionMask = 2147483647;
			files = (
				37652C0928D8E1A300BCC72A /* NotesSwiftUIUITestsLaunchTests.swift in Sources */,
				37652C0728D8E1A300BCC72A /* NotesSwiftUIUITests.swift in Sources */,
			);
			runOnlyForDeploymentPostprocessing = 0;
		};
/* End PBXSourcesBuildPhase section */

/* Begin PBXTargetDependency section */
		37652BFA28D8E1A300BCC72A /* PBXTargetDependency */ = {
			isa = PBXTargetDependency;
			target = 37652BE728D8E1A000BCC72A /* NotesSwiftUI */;
			targetProxy = 37652BF928D8E1A300BCC72A /* PBXContainerItemProxy */;
		};
		37652C0428D8E1A300BCC72A /* PBXTargetDependency */ = {
			isa = PBXTargetDependency;
			target = 37652BE728D8E1A000BCC72A /* NotesSwiftUI */;
			targetProxy = 37652C0328D8E1A300BCC72A /* PBXContainerItemProxy */;
		};
/* End PBXTargetDependency section */

/* Begin XCBuildConfiguration section */
		37652C0A28D8E1A300BCC72A /* Debug */ = {
			isa = XCBuildConfiguration;
			buildSettings = {
				ALWAYS_SEARCH_USER_PATHS = NO;
				CLANG_ANALYZER_NONNULL = YES;
				CLANG_ANALYZER_NUMBER_OBJECT_CONVERSION = YES_AGGRESSIVE;
				CLANG_CXX_LANGUAGE_STANDARD = "gnu++17";
				CLANG_ENABLE_MODULES = YES;
				CLANG_ENABLE_OBJC_ARC = YES;
				CLANG_ENABLE_OBJC_WEAK = YES;
				CLANG_WARN_BLOCK_CAPTURE_AUTORELEASING = YES;
				CLANG_WARN_BOOL_CONVERSION = YES;
				CLANG_WARN_COMMA = YES;
				CLANG_WARN_CONSTANT_CONVERSION = YES;
				CLANG_WARN_DEPRECATED_OBJC_IMPLEMENTATIONS = YES;
				CLANG_WARN_DIRECT_OBJC_ISA_USAGE = YES_ERROR;
				CLANG_WARN_DOCUMENTATION_COMMENTS = YES;
				CLANG_WARN_EMPTY_BODY = YES;
				CLANG_WARN_ENUM_CONVERSION = YES;
				CLANG_WARN_INFINITE_RECURSION = YES;
				CLANG_WARN_INT_CONVERSION = YES;
				CLANG_WARN_NON_LITERAL_NULL_CONVERSION = YES;
				CLANG_WARN_OBJC_IMPLICIT_RETAIN_SELF = YES;
				CLANG_WARN_OBJC_LITERAL_CONVERSION = YES;
				CLANG_WARN_OBJC_ROOT_CLASS = YES_ERROR;
				CLANG_WARN_QUOTED_INCLUDE_IN_FRAMEWORK_HEADER = YES;
				CLANG_WARN_RANGE_LOOP_ANALYSIS = YES;
				CLANG_WARN_STRICT_PROTOTYPES = YES;
				CLANG_WARN_SUSPICIOUS_MOVE = YES;
				CLANG_WARN_UNGUARDED_AVAILABILITY = YES_AGGRESSIVE;
				CLANG_WARN_UNREACHABLE_CODE = YES;
				CLANG_WARN__DUPLICATE_METHOD_MATCH = YES;
				COPY_PHASE_STRIP = NO;
				DEBUG_INFORMATION_FORMAT = dwarf;
				ENABLE_STRICT_OBJC_MSGSEND = YES;
				ENABLE_TESTABILITY = YES;
				GCC_C_LANGUAGE_STANDARD = gnu11;
				GCC_DYNAMIC_NO_PIC = NO;
				GCC_NO_COMMON_BLOCKS = YES;
				GCC_OPTIMIZATION_LEVEL = 0;
				GCC_PREPROCESSOR_DEFINITIONS = (
					"DEBUG=1",
					"$(inherited)",
				);
				GCC_WARN_64_TO_32_BIT_CONVERSION = YES;
				GCC_WARN_ABOUT_RETURN_TYPE = YES_ERROR;
				GCC_WARN_UNDECLARED_SELECTOR = YES;
				GCC_WARN_UNINITIALIZED_AUTOS = YES_AGGRESSIVE;
				GCC_WARN_UNUSED_FUNCTION = YES;
				GCC_WARN_UNUSED_VARIABLE = YES;
				IPHONEOS_DEPLOYMENT_TARGET = 15.5;
				MTL_ENABLE_DEBUG_INFO = INCLUDE_SOURCE;
				MTL_FAST_MATH = YES;
				ONLY_ACTIVE_ARCH = YES;
				SDKROOT = iphoneos;
				SWIFT_ACTIVE_COMPILATION_CONDITIONS = DEBUG;
				SWIFT_OPTIMIZATION_LEVEL = "-Onone";
			};
			name = Debug;
		};
		37652C0B28D8E1A300BCC72A /* Release */ = {
			isa = XCBuildConfiguration;
			buildSettings = {
				ALWAYS_SEARCH_USER_PATHS = NO;
				CLANG_ANALYZER_NONNULL = YES;
				CLANG_ANALYZER_NUMBER_OBJECT_CONVERSION = YES_AGGRESSIVE;
				CLANG_CXX_LANGUAGE_STANDARD = "gnu++17";
				CLANG_ENABLE_MODULES = YES;
				CLANG_ENABLE_OBJC_ARC = YES;
				CLANG_ENABLE_OBJC_WEAK = YES;
				CLANG_WARN_BLOCK_CAPTURE_AUTORELEASING = YES;
				CLANG_WARN_BOOL_CONVERSION = YES;
				CLANG_WARN_COMMA = YES;
				CLANG_WARN_CONSTANT_CONVERSION = YES;
				CLANG_WARN_DEPRECATED_OBJC_IMPLEMENTATIONS = YES;
				CLANG_WARN_DIRECT_OBJC_ISA_USAGE = YES_ERROR;
				CLANG_WARN_DOCUMENTATION_COMMENTS = YES;
				CLANG_WARN_EMPTY_BODY = YES;
				CLANG_WARN_ENUM_CONVERSION = YES;
				CLANG_WARN_INFINITE_RECURSION = YES;
				CLANG_WARN_INT_CONVERSION = YES;
				CLANG_WARN_NON_LITERAL_NULL_CONVERSION = YES;
				CLANG_WARN_OBJC_IMPLICIT_RETAIN_SELF = YES;
				CLANG_WARN_OBJC_LITERAL_CONVERSION = YES;
				CLANG_WARN_OBJC_ROOT_CLASS = YES_ERROR;
				CLANG_WARN_QUOTED_INCLUDE_IN_FRAMEWORK_HEADER = YES;
				CLANG_WARN_RANGE_LOOP_ANALYSIS = YES;
				CLANG_WARN_STRICT_PROTOTYPES = YES;
				CLANG_WARN_SUSPICIOUS_MOVE = YES;
				CLANG_WARN_UNGUARDED_AVAILABILITY = YES_AGGRESSIVE;
				CLANG_WARN_UNREACHABLE_CODE = YES;
				CLANG_WARN__DUPLICATE_METHOD_MATCH = YES;
				COPY_PHASE_STRIP = NO;
				DEBUG_INFORMATION_FORMAT = "dwarf-with-dsym";
				ENABLE_NS_ASSERTIONS = NO;
				ENABLE_STRICT_OBJC_MSGSEND = YES;
				GCC_C_LANGUAGE_STANDARD = gnu11;
				GCC_NO_COMMON_BLOCKS = YES;
				GCC_WARN_64_TO_32_BIT_CONVERSION = YES;
				GCC_WARN_ABOUT_RETURN_TYPE = YES_ERROR;
				GCC_WARN_UNDECLARED_SELECTOR = YES;
				GCC_WARN_UNINITIALIZED_AUTOS = YES_AGGRESSIVE;
				GCC_WARN_UNUSED_FUNCTION = YES;
				GCC_WARN_UNUSED_VARIABLE = YES;
				IPHONEOS_DEPLOYMENT_TARGET = 15.5;
				MTL_ENABLE_DEBUG_INFO = NO;
				MTL_FAST_MATH = YES;
				SDKROOT = iphoneos;
				SWIFT_COMPILATION_MODE = wholemodule;
				SWIFT_OPTIMIZATION_LEVEL = "-O";
				VALIDATE_PRODUCT = YES;
			};
			name = Release;
		};
		37652C0D28D8E1A300BCC72A /* Debug */ = {
			isa = XCBuildConfiguration;
			buildSettings = {
				ASSETCATALOG_COMPILER_APPICON_NAME = AppIcon;
				ASSETCATALOG_COMPILER_GLOBAL_ACCENT_COLOR_NAME = AccentColor;
				CODE_SIGN_STYLE = Automatic;
				CURRENT_PROJECT_VERSION = 1;
				DEVELOPMENT_ASSET_PATHS = "\"NotesSwiftUI/Preview Content\"";
				DEVELOPMENT_TEAM = MXX3777WL6;
				ENABLE_PREVIEWS = YES;
				GENERATE_INFOPLIST_FILE = YES;
				INFOPLIST_KEY_UIApplicationSceneManifest_Generation = YES;
				INFOPLIST_KEY_UIApplicationSupportsIndirectInputEvents = YES;
				INFOPLIST_KEY_UILaunchScreen_Generation = YES;
				INFOPLIST_KEY_UISupportedInterfaceOrientations_iPad = "UIInterfaceOrientationPortrait UIInterfaceOrientationPortraitUpsideDown UIInterfaceOrientationLandscapeLeft UIInterfaceOrientationLandscapeRight";
				INFOPLIST_KEY_UISupportedInterfaceOrientations_iPhone = "UIInterfaceOrientationPortrait UIInterfaceOrientationLandscapeLeft UIInterfaceOrientationLandscapeRight";
				LD_RUNPATH_SEARCH_PATHS = (
					"$(inherited)",
					"@executable_path/Frameworks",
				);
				MARKETING_VERSION = 1.0;
				PRODUCT_BUNDLE_IDENTIFIER = txxxr.NotesSwiftUI;
				PRODUCT_NAME = "$(TARGET_NAME)";
				SWIFT_EMIT_LOC_STRINGS = YES;
				SWIFT_VERSION = 5.0;
				TARGETED_DEVICE_FAMILY = "1,2";
			};
			name = Debug;
		};
		37652C0E28D8E1A300BCC72A /* Release */ = {
			isa = XCBuildConfiguration;
			buildSettings = {
				ASSETCATALOG_COMPILER_APPICON_NAME = AppIcon;
				ASSETCATALOG_COMPILER_GLOBAL_ACCENT_COLOR_NAME = AccentColor;
				CODE_SIGN_STYLE = Automatic;
				CURRENT_PROJECT_VERSION = 1;
				DEVELOPMENT_ASSET_PATHS = "\"NotesSwiftUI/Preview Content\"";
				DEVELOPMENT_TEAM = MXX3777WL6;
				ENABLE_PREVIEWS = YES;
				GENERATE_INFOPLIST_FILE = YES;
				INFOPLIST_KEY_UIApplicationSceneManifest_Generation = YES;
				INFOPLIST_KEY_UIApplicationSupportsIndirectInputEvents = YES;
				INFOPLIST_KEY_UILaunchScreen_Generation = YES;
				INFOPLIST_KEY_UISupportedInterfaceOrientations_iPad = "UIInterfaceOrientationPortrait UIInterfaceOrientationPortraitUpsideDown UIInterfaceOrientationLandscapeLeft UIInterfaceOrientationLandscapeRight";
				INFOPLIST_KEY_UISupportedInterfaceOrientations_iPhone = "UIInterfaceOrientationPortrait UIInterfaceOrientationLandscapeLeft UIInterfaceOrientationLandscapeRight";
				LD_RUNPATH_SEARCH_PATHS = (
					"$(inherited)",
					"@executable_path/Frameworks",
				);
				MARKETING_VERSION = 1.0;
				PRODUCT_BUNDLE_IDENTIFIER = txxxr.NotesSwiftUI;
				PRODUCT_NAME = "$(TARGET_NAME)";
				SWIFT_EMIT_LOC_STRINGS = YES;
				SWIFT_VERSION = 5.0;
				TARGETED_DEVICE_FAMILY = "1,2";
			};
			name = Release;
		};
		37652C1028D8E1A300BCC72A /* Debug */ = {
			isa = XCBuildConfiguration;
			buildSettings = {
				ALWAYS_EMBED_SWIFT_STANDARD_LIBRARIES = YES;
				BUNDLE_LOADER = "$(TEST_HOST)";
				CODE_SIGN_STYLE = Automatic;
				CURRENT_PROJECT_VERSION = 1;
				DEVELOPMENT_TEAM = MXX3777WL6;
				GENERATE_INFOPLIST_FILE = YES;
				IPHONEOS_DEPLOYMENT_TARGET = 15.5;
				MARKETING_VERSION = 1.0;
				PRODUCT_BUNDLE_IDENTIFIER = txxxr.NotesSwiftUITests;
				PRODUCT_NAME = "$(TARGET_NAME)";
				SWIFT_EMIT_LOC_STRINGS = NO;
				SWIFT_VERSION = 5.0;
				TARGETED_DEVICE_FAMILY = "1,2";
				TEST_HOST = "$(BUILT_PRODUCTS_DIR)/NotesSwiftUI.app/NotesSwiftUI";
			};
			name = Debug;
		};
		37652C1128D8E1A300BCC72A /* Release */ = {
			isa = XCBuildConfiguration;
			buildSettings = {
				ALWAYS_EMBED_SWIFT_STANDARD_LIBRARIES = YES;
				BUNDLE_LOADER = "$(TEST_HOST)";
				CODE_SIGN_STYLE = Automatic;
				CURRENT_PROJECT_VERSION = 1;
				DEVELOPMENT_TEAM = MXX3777WL6;
				GENERATE_INFOPLIST_FILE = YES;
				IPHONEOS_DEPLOYMENT_TARGET = 15.5;
				MARKETING_VERSION = 1.0;
				PRODUCT_BUNDLE_IDENTIFIER = txxxr.NotesSwiftUITests;
				PRODUCT_NAME = "$(TARGET_NAME)";
				SWIFT_EMIT_LOC_STRINGS = NO;
				SWIFT_VERSION = 5.0;
				TARGETED_DEVICE_FAMILY = "1,2";
				TEST_HOST = "$(BUILT_PRODUCTS_DIR)/NotesSwiftUI.app/NotesSwiftUI";
			};
			name = Release;
		};
		37652C1328D8E1A300BCC72A /* Debug */ = {
			isa = XCBuildConfiguration;
			buildSettings = {
				ALWAYS_EMBED_SWIFT_STANDARD_LIBRARIES = YES;
				CODE_SIGN_STYLE = Automatic;
				CURRENT_PROJECT_VERSION = 1;
				DEVELOPMENT_TEAM = MXX3777WL6;
				GENERATE_INFOPLIST_FILE = YES;
				MARKETING_VERSION = 1.0;
				PRODUCT_BUNDLE_IDENTIFIER = txxxr.NotesSwiftUIUITests;
				PRODUCT_NAME = "$(TARGET_NAME)";
				SWIFT_EMIT_LOC_STRINGS = NO;
				SWIFT_VERSION = 5.0;
				TARGETED_DEVICE_FAMILY = "1,2";
				TEST_TARGET_NAME = NotesSwiftUI;
			};
			name = Debug;
		};
		37652C1428D8E1A300BCC72A /* Release */ = {
			isa = XCBuildConfiguration;
			buildSettings = {
				ALWAYS_EMBED_SWIFT_STANDARD_LIBRARIES = YES;
				CODE_SIGN_STYLE = Automatic;
				CURRENT_PROJECT_VERSION = 1;
				DEVELOPMENT_TEAM = MXX3777WL6;
				GENERATE_INFOPLIST_FILE = YES;
				MARKETING_VERSION = 1.0;
				PRODUCT_BUNDLE_IDENTIFIER = txxxr.NotesSwiftUIUITests;
				PRODUCT_NAME = "$(TARGET_NAME)";
				SWIFT_EMIT_LOC_STRINGS = NO;
				SWIFT_VERSION = 5.0;
				TARGETED_DEVICE_FAMILY = "1,2";
				TEST_TARGET_NAME = NotesSwiftUI;
			};
			name = Release;
		};
/* End XCBuildConfiguration section */

/* Begin XCConfigurationList section */
		37652BE328D8E1A000BCC72A /* Build configuration list for PBXProject "NotesSwiftUI" */ = {
			isa = XCConfigurationList;
			buildConfigurations = (
				37652C0A28D8E1A300BCC72A /* Debug */,
				37652C0B28D8E1A300BCC72A /* Release */,
			);
			defaultConfigurationIsVisible = 0;
			defaultConfigurationName = Release;
		};
		37652C0C28D8E1A300BCC72A /* Build configuration list for PBXNativeTarget "NotesSwiftUI" */ = {
			isa = XCConfigurationList;
			buildConfigurations = (
				37652C0D28D8E1A300BCC72A /* Debug */,
				37652C0E28D8E1A300BCC72A /* Release */,
			);
			defaultConfigurationIsVisible = 0;
			defaultConfigurationName = Release;
		};
		37652C0F28D8E1A300BCC72A /* Build configuration list for PBXNativeTarget "NotesSwiftUITests" */ = {
			isa = XCConfigurationList;
			buildConfigurations = (
				37652C1028D8E1A300BCC72A /* Debug */,
				37652C1128D8E1A300BCC72A /* Release */,
			);
			defaultConfigurationIsVisible = 0;
			defaultConfigurationName = Release;
		};
		37652C1228D8E1A300BCC72A /* Build configuration list for PBXNativeTarget "NotesSwiftUIUITests" */ = {
			isa = XCConfigurationList;
			buildConfigurations = (
				37652C1328D8E1A300BCC72A /* Debug */,
				37652C1428D8E1A300BCC72A /* Release */,
			);
			defaultConfigurationIsVisible = 0;
			defaultConfigurationName = Release;
		};
/* End XCConfigurationList section */
	};
	rootObject = 37652BE028D8E1A000BCC72A /* Project object */;
}
